
Microsoft Visual Studio Solution File, Format Version 12.00
# Visual Studio Version 17
VisualStudioVersion = 17.9.34607.119
MinimumVisualStudioVersion = 10.0.40219.1
Project("{8BC9CEB8-8B4A-11D0-8D11-00A0C91BC942}") = "Project1", "Project1\Project1.vcxproj", "{C9DF39D6-1595-44CE-ADC8-67D55F857C84}"
EndProject
Project("{8BC9CEB8-8B4A-11D0-8D11-00A0C91BC942}") = "Project2", "Project2\Project2.vcxproj", "{118ACC08-0BFF-4A1D-A1E6-CF617C652DA4}"
EndProject
Global
	GlobalSection(SolutionConfigurationPlatforms) = preSolution
		Debug|x64 = Debug|x64
		Debug|x86 = Debug|x86
		Release|x64 = Release|x64
		Release|x86 = Release|x86
	EndGlobalSection
	GlobalSection(ProjectConfigurationPlatforms) = postSolution
		{C9DF39D6-1595-44CE-ADC8-67D55F857C84}.Debug|x64.ActiveCfg = Debug|x64
		{C9DF39D6-1595-44CE-ADC8-67D55F857C84}.Debug|x64.Build.0 = Debug|x64
		{C9DF39D6-1595-44CE-ADC8-67D55F857C84}.Debug|x86.ActiveCfg = Debug|Win32
		{C9DF39D6-1595-44CE-ADC8-67D55F857C84}.Debug|x86.Build.0 = Debug|Win32
		{C9DF39D6-1595-44CE-ADC8-67D55F857C84}.Release|x64.ActiveCfg = Release|x64
		{C9DF39D6-1595-44CE-ADC8-67D55F857C84}.Release|x64.Build.0 = Release|x64
		{C9DF39D6-1595-44CE-ADC8-67D55F857C84}.Release|x86.ActiveCfg = Release|Win32
		{C9DF39D6-1595-44CE-ADC8-67D55F857C84}.Release|x86.Build.0 = Release|Win32
		{118ACC08-0BFF-4A1D-A1E6-CF617C652DA4}.Debug|x64.ActiveCfg = Debug|x64
		{118ACC08-0BFF-4A1D-A1E6-CF617C652DA4}.Debug|x64.Build.0 = Debug|x64
		{118ACC08-0BFF-4A1D-A1E6-CF617C652DA4}.Debug|x86.ActiveCfg = Debug|Win32
		{118ACC08-0BFF-4A1D-A1E6-CF617C652DA4}.Debug|x86.Build.0 = Debug|Win32
		{118ACC08-0BFF-4A1D-A1E6-CF617C652DA4}.Release|x64.ActiveCfg = Release|x64
		{118ACC08-0BFF-4A1D-A1E6-CF617C652DA4}.Release|x64.Build.0 = Release|x64
		{118ACC08-0BFF-4A1D-A1E6-CF617C652DA4}.Release|x86.ActiveCfg = Release|Win32
		{118ACC08-0BFF-4A1D-A1E6-CF617C652DA4}.Release|x86.Build.0 = Release|Win32
	EndGlobalSection
	GlobalSection(SolutionProperties) = preSolution
		HideSolutionNode = FALSE
	EndGlobalSection
	GlobalSection(ExtensibilityGlobals) = postSolution
		SolutionGuid = {944C5EF4-ED13-451C-AE66-304860B8C8B6}
	EndGlobalSection
EndGlobal
