
Microsoft Visual Studio Solution File, Format Version 12.00
# Visual Studio Version 17
VisualStudioVersion = 17.9.34607.119
MinimumVisualStudioVersion = 10.0.40219.1
Project("{8BC9CEB8-8B4A-11D0-8D11-00A0C91BC942}") = "Project1", "Project1\Project1.vcxproj", "{ED783EB6-00CC-44A0-951B-4E9F02DD1344}"
EndProject
Project("{8BC9CEB8-8B4A-11D0-8D11-00A0C91BC942}") = "Project2", "Project2\Project2.vcxproj", "{DB2C5453-0395-43E5-AF98-CDF502F04FBE}"
EndProject
Global
	GlobalSection(SolutionConfigurationPlatforms) = preSolution
		Debug|x64 = Debug|x64
		Debug|x86 = Debug|x86
		Release|x64 = Release|x64
		Release|x86 = Release|x86
	EndGlobalSection
	GlobalSection(ProjectConfigurationPlatforms) = postSolution
		{ED783EB6-00CC-44A0-951B-4E9F02DD1344}.Debug|x64.ActiveCfg = Debug|x64
		{ED783EB6-00CC-44A0-951B-4E9F02DD1344}.Debug|x64.Build.0 = Debug|x64
		{ED783EB6-00CC-44A0-951B-4E9F02DD1344}.Debug|x86.ActiveCfg = Debug|Win32
		{ED783EB6-00CC-44A0-951B-4E9F02DD1344}.Debug|x86.Build.0 = Debug|Win32
		{ED783EB6-00CC-44A0-951B-4E9F02DD1344}.Release|x64.ActiveCfg = Release|x64
		{ED783EB6-00CC-44A0-951B-4E9F02DD1344}.Release|x64.Build.0 = Release|x64
		{ED783EB6-00CC-44A0-951B-4E9F02DD1344}.Release|x86.ActiveCfg = Release|Win32
		{ED783EB6-00CC-44A0-951B-4E9F02DD1344}.Release|x86.Build.0 = Release|Win32
		{DB2C5453-0395-43E5-AF98-CDF502F04FBE}.Debug|x64.ActiveCfg = Debug|x64
		{DB2C5453-0395-43E5-AF98-CDF502F04FBE}.Debug|x64.Build.0 = Debug|x64
		{DB2C5453-0395-43E5-AF98-CDF502F04FBE}.Debug|x86.ActiveCfg = Debug|Win32
		{DB2C5453-0395-43E5-AF98-CDF502F04FBE}.Debug|x86.Build.0 = Debug|Win32
		{DB2C5453-0395-43E5-AF98-CDF502F04FBE}.Release|x64.ActiveCfg = Release|x64
		{DB2C5453-0395-43E5-AF98-CDF502F04FBE}.Release|x64.Build.0 = Release|x64
		{DB2C5453-0395-43E5-AF98-CDF502F04FBE}.Release|x86.ActiveCfg = Release|Win32
		{DB2C5453-0395-43E5-AF98-CDF502F04FBE}.Release|x86.Build.0 = Release|Win32
	EndGlobalSection
	GlobalSection(SolutionProperties) = preSolution
		HideSolutionNode = FALSE
	EndGlobalSection
	GlobalSection(ExtensibilityGlobals) = postSolution
		SolutionGuid = {F4F823C0-387E-47FC-BBED-A2E39077F92B}
	EndGlobalSection
EndGlobal
