
Microsoft Visual Studio Solution File, Format Version 12.00
# Visual Studio Version 17
VisualStudioVersion = 17.9.34607.119
MinimumVisualStudioVersion = 10.0.40219.1
Project("{8BC9CEB8-8B4A-11D0-8D11-00A0C91BC942}") = "Project1", "Project1\Project1.vcxproj", "{3EBFA84D-2D1D-4BD9-9C1F-60243E7FCD67}"
EndProject
Project("{8BC9CEB8-8B4A-11D0-8D11-00A0C91BC942}") = "Project2", "Project2\Project2.vcxproj", "{AAD21027-FD12-4173-99E3-0611DFD79F20}"
EndProject
Project("{8BC9CEB8-8B4A-11D0-8D11-00A0C91BC942}") = "Project3", "Project3\Project3.vcxproj", "{E6DBA2BE-76BD-48E1-A6E0-D5748A5DDB6E}"
EndProject
Project("{8BC9CEB8-8B4A-11D0-8D11-00A0C91BC942}") = "Project4", "Project4\Project4.vcxproj", "{AA09BF98-3973-45EC-8859-51BC18226BD2}"
EndProject
Global
	GlobalSection(SolutionConfigurationPlatforms) = preSolution
		Debug|x64 = Debug|x64
		Debug|x86 = Debug|x86
		Release|x64 = Release|x64
		Release|x86 = Release|x86
	EndGlobalSection
	GlobalSection(ProjectConfigurationPlatforms) = postSolution
		{3EBFA84D-2D1D-4BD9-9C1F-60243E7FCD67}.Debug|x64.ActiveCfg = Debug|x64
		{3EBFA84D-2D1D-4BD9-9C1F-60243E7FCD67}.Debug|x64.Build.0 = Debug|x64
		{3EBFA84D-2D1D-4BD9-9C1F-60243E7FCD67}.Debug|x86.ActiveCfg = Debug|Win32
		{3EBFA84D-2D1D-4BD9-9C1F-60243E7FCD67}.Debug|x86.Build.0 = Debug|Win32
		{3EBFA84D-2D1D-4BD9-9C1F-60243E7FCD67}.Release|x64.ActiveCfg = Release|x64
		{3EBFA84D-2D1D-4BD9-9C1F-60243E7FCD67}.Release|x64.Build.0 = Release|x64
		{3EBFA84D-2D1D-4BD9-9C1F-60243E7FCD67}.Release|x86.ActiveCfg = Release|Win32
		{3EBFA84D-2D1D-4BD9-9C1F-60243E7FCD67}.Release|x86.Build.0 = Release|Win32
		{AAD21027-FD12-4173-99E3-0611DFD79F20}.Debug|x64.ActiveCfg = Debug|x64
		{AAD21027-FD12-4173-99E3-0611DFD79F20}.Debug|x64.Build.0 = Debug|x64
		{AAD21027-FD12-4173-99E3-0611DFD79F20}.Debug|x86.ActiveCfg = Debug|Win32
		{AAD21027-FD12-4173-99E3-0611DFD79F20}.Debug|x86.Build.0 = Debug|Win32
		{AAD21027-FD12-4173-99E3-0611DFD79F20}.Release|x64.ActiveCfg = Release|x64
		{AAD21027-FD12-4173-99E3-0611DFD79F20}.Release|x64.Build.0 = Release|x64
		{AAD21027-FD12-4173-99E3-0611DFD79F20}.Release|x86.ActiveCfg = Release|Win32
		{AAD21027-FD12-4173-99E3-0611DFD79F20}.Release|x86.Build.0 = Release|Win32
		{E6DBA2BE-76BD-48E1-A6E0-D5748A5DDB6E}.Debug|x64.ActiveCfg = Debug|x64
		{E6DBA2BE-76BD-48E1-A6E0-D5748A5DDB6E}.Debug|x64.Build.0 = Debug|x64
		{E6DBA2BE-76BD-48E1-A6E0-D5748A5DDB6E}.Debug|x86.ActiveCfg = Debug|Win32
		{E6DBA2BE-76BD-48E1-A6E0-D5748A5DDB6E}.Debug|x86.Build.0 = Debug|Win32
		{E6DBA2BE-76BD-48E1-A6E0-D5748A5DDB6E}.Release|x64.ActiveCfg = Release|x64
		{E6DBA2BE-76BD-48E1-A6E0-D5748A5DDB6E}.Release|x64.Build.0 = Release|x64
		{E6DBA2BE-76BD-48E1-A6E0-D5748A5DDB6E}.Release|x86.ActiveCfg = Release|Win32
		{E6DBA2BE-76BD-48E1-A6E0-D5748A5DDB6E}.Release|x86.Build.0 = Release|Win32
		{AA09BF98-3973-45EC-8859-51BC18226BD2}.Debug|x64.ActiveCfg = Debug|x64
		{AA09BF98-3973-45EC-8859-51BC18226BD2}.Debug|x64.Build.0 = Debug|x64
		{AA09BF98-3973-45EC-8859-51BC18226BD2}.Debug|x86.ActiveCfg = Debug|Win32
		{AA09BF98-3973-45EC-8859-51BC18226BD2}.Debug|x86.Build.0 = Debug|Win32
		{AA09BF98-3973-45EC-8859-51BC18226BD2}.Release|x64.ActiveCfg = Release|x64
		{AA09BF98-3973-45EC-8859-51BC18226BD2}.Release|x64.Build.0 = Release|x64
		{AA09BF98-3973-45EC-8859-51BC18226BD2}.Release|x86.ActiveCfg = Release|Win32
		{AA09BF98-3973-45EC-8859-51BC18226BD2}.Release|x86.Build.0 = Release|Win32
	EndGlobalSection
	GlobalSection(SolutionProperties) = preSolution
		HideSolutionNode = FALSE
	EndGlobalSection
	GlobalSection(ExtensibilityGlobals) = postSolution
		SolutionGuid = {6F14862C-0324-47A5-BE01-07E2AA0F37C8}
	EndGlobalSection
EndGlobal
